
Microsoft Visual Studio Solution File, Format Version 12.00
# Visual Studio Version 16
VisualStudioVersion = 16.0.29613.14
MinimumVisualStudioVersion = 10.0.40219.1
Project("{FAE04EC0-301F-11D3-BF4B-00C04F79EFBC}") = "WaterTankConsole", "WaterTank\WaterTankConsole.csproj", "{A1788567-1886-4659-AFB7-F0A1EB504B87}"
EndProject
Project("{FAE04EC0-301F-11D3-BF4B-00C04F79EFBC}") = "WaterTankTest", "WaterTankTest\WaterTankTest.csproj", "{69F17234-B435-4AE2-AEE8-FBA1E1E60FB4}"
EndProject
Project("{FAE04EC0-301F-11D3-BF4B-00C04F79EFBC}") = "WaterTankWeb", "WaterTankApp\WaterTankWeb.csproj", "{DAD384F6-BA38-4C9F-A638-80A1D2157C7D}"
EndProject
Global
	GlobalSection(SolutionConfigurationPlatforms) = preSolution
		Debug|Any CPU = Debug|Any CPU
		Release|Any CPU = Release|Any CPU
	EndGlobalSection
	GlobalSection(ProjectConfigurationPlatforms) = postSolution
		{A1788567-1886-4659-AFB7-F0A1EB504B87}.Debug|Any CPU.ActiveCfg = Debug|Any CPU
		{A1788567-1886-4659-AFB7-F0A1EB504B87}.Debug|Any CPU.Build.0 = Debug|Any CPU
		{A1788567-1886-4659-AFB7-F0A1EB504B87}.Release|Any CPU.ActiveCfg = Release|Any CPU
		{A1788567-1886-4659-AFB7-F0A1EB504B87}.Release|Any CPU.Build.0 = Release|Any CPU
		{69F17234-B435-4AE2-AEE8-FBA1E1E60FB4}.Debug|Any CPU.ActiveCfg = Debug|Any CPU
		{69F17234-B435-4AE2-AEE8-FBA1E1E60FB4}.Debug|Any CPU.Build.0 = Debug|Any CPU
		{69F17234-B435-4AE2-AEE8-FBA1E1E60FB4}.Release|Any CPU.ActiveCfg = Release|Any CPU
		{69F17234-B435-4AE2-AEE8-FBA1E1E60FB4}.Release|Any CPU.Build.0 = Release|Any CPU
		{DAD384F6-BA38-4C9F-A638-80A1D2157C7D}.Debug|Any CPU.ActiveCfg = Debug|Any CPU
		{DAD384F6-BA38-4C9F-A638-80A1D2157C7D}.Debug|Any CPU.Build.0 = Debug|Any CPU
		{DAD384F6-BA38-4C9F-A638-80A1D2157C7D}.Release|Any CPU.ActiveCfg = Release|Any CPU
		{DAD384F6-BA38-4C9F-A638-80A1D2157C7D}.Release|Any CPU.Build.0 = Release|Any CPU
	EndGlobalSection
	GlobalSection(SolutionProperties) = preSolution
		HideSolutionNode = FALSE
	EndGlobalSection
	GlobalSection(ExtensibilityGlobals) = postSolution
		SolutionGuid = {48B3FF41-FBD0-4A9B-B043-509EC6FF63D7}
	EndGlobalSection
EndGlobal
